
Microsoft Visual Studio Solution File, Format Version 12.00
# Visual Studio Version 17
VisualStudioVersion = 17.13.35828.75
MinimumVisualStudioVersion = 10.0.40219.1
Project("{FAE04EC0-301F-11D3-BF4B-00C04F79EFBC}") = "SourceData", "Brain.IT.AddressBook.SourceData\SourceData\SourceData.csproj", "{53DA276B-C2D0-4FED-BD21-977028B029E0}"
EndProject
Project("{FAE04EC0-301F-11D3-BF4B-00C04F79EFBC}") = "Brain.IT.AddressBook.TargetData", "Brain.IT.AddressBook.TargetData\Brain.IT.AddressBook.TargetData.csproj", "{812BD031-E5F8-5D0A-F96E-2F5D2B6B3161}"
EndProject
Global
	GlobalSection(SolutionConfigurationPlatforms) = preSolution
		Debug|Any CPU = Debug|Any CPU
		Release|Any CPU = Release|Any CPU
	EndGlobalSection
	GlobalSection(ProjectConfigurationPlatforms) = postSolution
		{53DA276B-C2D0-4FED-BD21-977028B029E0}.Debug|Any CPU.ActiveCfg = Debug|Any CPU
		{53DA276B-C2D0-4FED-BD21-977028B029E0}.Debug|Any CPU.Build.0 = Debug|Any CPU
		{53DA276B-C2D0-4FED-BD21-977028B029E0}.Release|Any CPU.ActiveCfg = Release|Any CPU
		{53DA276B-C2D0-4FED-BD21-977028B029E0}.Release|Any CPU.Build.0 = Release|Any CPU
		{812BD031-E5F8-5D0A-F96E-2F5D2B6B3161}.Debug|Any CPU.ActiveCfg = Debug|Any CPU
		{812BD031-E5F8-5D0A-F96E-2F5D2B6B3161}.Debug|Any CPU.Build.0 = Debug|Any CPU
		{812BD031-E5F8-5D0A-F96E-2F5D2B6B3161}.Release|Any CPU.ActiveCfg = Release|Any CPU
		{812BD031-E5F8-5D0A-F96E-2F5D2B6B3161}.Release|Any CPU.Build.0 = Release|Any CPU
	EndGlobalSection
	GlobalSection(SolutionProperties) = preSolution
		HideSolutionNode = FALSE
	EndGlobalSection
	GlobalSection(ExtensibilityGlobals) = postSolution
		SolutionGuid = {02CF697B-B534-42A8-9C79-9AC570E1633B}
	EndGlobalSection
EndGlobal
